// !$*UTF8*$!
{
	archiveVersion = 1;
	classes = {
	};
	objectVersion = 55;
	objects = {

/* Begin PBXBuildFile section */
		1F6348683DA7DFCD2247E7C4 /* Pods_SearchDogs.framework in Frameworks */ = {isa = PBXBuildFile; fileRef = 9F973988A92D0C270960CBBA /* Pods_SearchDogs.framework */; };
		8296A9C1B3BD73B383566CA7 /* Pods_SearchDogs_SearchDogsUITests.framework in Frameworks */ = {isa = PBXBuildFile; fileRef = 34AF37655A1A2BCBEDD3FF2A /* Pods_SearchDogs_SearchDogsUITests.framework */; };
		8B456569281AACE700E5BB8B /* AppDelegate.swift in Sources */ = {isa = PBXBuildFile; fileRef = 8B456568281AACE700E5BB8B /* AppDelegate.swift */; };
		8B45656B281AACE700E5BB8B /* SceneDelegate.swift in Sources */ = {isa = PBXBuildFile; fileRef = 8B45656A281AACE700E5BB8B /* SceneDelegate.swift */; };
		8B45656D281AACE700E5BB8B /* PetsViewController.swift in Sources */ = {isa = PBXBuildFile; fileRef = 8B45656C281AACE700E5BB8B /* PetsViewController.swift */; };
		8B456570281AACE700E5BB8B /* Main.storyboard in Resources */ = {isa = PBXBuildFile; fileRef = 8B45656E281AACE700E5BB8B /* Main.storyboard */; };
		8B456572281AACE800E5BB8B /* Assets.xcassets in Resources */ = {isa = PBXBuildFile; fileRef = 8B456571281AACE800E5BB8B /* Assets.xcassets */; };
		8B456575281AACE800E5BB8B /* LaunchScreen.storyboard in Resources */ = {isa = PBXBuildFile; fileRef = 8B456573281AACE800E5BB8B /* LaunchScreen.storyboard */; };
		8B456580281AACE800E5BB8B /* PetsViewModelTests.swift in Sources */ = {isa = PBXBuildFile; fileRef = 8B45657F281AACE800E5BB8B /* PetsViewModelTests.swift */; };
		8B45658A281AACE800E5BB8B /* SearchDogsUITests.swift in Sources */ = {isa = PBXBuildFile; fileRef = 8B456589281AACE800E5BB8B /* SearchDogsUITests.swift */; };
		8B45658C281AACE800E5BB8B /* SearchDogsUITestsLaunchTests.swift in Sources */ = {isa = PBXBuildFile; fileRef = 8B45658B281AACE800E5BB8B /* SearchDogsUITestsLaunchTests.swift */; };
		8B45659B281AB38D00E5BB8B /* PetDetailsViewController.swift in Sources */ = {isa = PBXBuildFile; fileRef = 8B45659A281AB38D00E5BB8B /* PetDetailsViewController.swift */; };
		8B45659E281ABEEE00E5BB8B /* Storyboarded.swift in Sources */ = {isa = PBXBuildFile; fileRef = 8B45659D281ABEEE00E5BB8B /* Storyboarded.swift */; };
		8B4565A1281AC0D100E5BB8B /* MainCoordinator.swift in Sources */ = {isa = PBXBuildFile; fileRef = 8B4565A0281AC0D100E5BB8B /* MainCoordinator.swift */; };
		8B4565A4281AD11A00E5BB8B /* PetInfo.swift in Sources */ = {isa = PBXBuildFile; fileRef = 8B4565A3281AD11A00E5BB8B /* PetInfo.swift */; };
		8B4565A7281AD1B200E5BB8B /* Service.swift in Sources */ = {isa = PBXBuildFile; fileRef = 8B4565A6281AD1B200E5BB8B /* Service.swift */; };
		8B4565A9281AD24100E5BB8B /* JsonDecodable.swift in Sources */ = {isa = PBXBuildFile; fileRef = 8B4565A8281AD24100E5BB8B /* JsonDecodable.swift */; };
		8B4565AB281AD34F00E5BB8B /* NetworkClient.swift in Sources */ = {isa = PBXBuildFile; fileRef = 8B4565AA281AD34F00E5BB8B /* NetworkClient.swift */; };
		8B4565AE281AD4AC00E5BB8B /* NetworkError.swift in Sources */ = {isa = PBXBuildFile; fileRef = 8B4565AD281AD4AC00E5BB8B /* NetworkError.swift */; };
		8B4565B0281AD61800E5BB8B /* Constants.swift in Sources */ = {isa = PBXBuildFile; fileRef = 8B4565AF281AD61800E5BB8B /* Constants.swift */; };
		8B4565B3281ADEC800E5BB8B /* PetsViewModel.swift in Sources */ = {isa = PBXBuildFile; fileRef = 8B4565B2281ADEC800E5BB8B /* PetsViewModel.swift */; };
		8B4565B5281AF1CC00E5BB8B /* EndPoints.swift in Sources */ = {isa = PBXBuildFile; fileRef = 8B4565B4281AF1CC00E5BB8B /* EndPoints.swift */; };
		8B4565B7281B015000E5BB8B /* PetsViewCell.swift in Sources */ = {isa = PBXBuildFile; fileRef = 8B4565B6281B015000E5BB8B /* PetsViewCell.swift */; };
		8B4565B9281B15D900E5BB8B /* PetsDetailsViewModel.swift in Sources */ = {isa = PBXBuildFile; fileRef = 8B4565B8281B15D900E5BB8B /* PetsDetailsViewModel.swift */; };
		8B4565BB281B404800E5BB8B /* ControllerExtension.swift in Sources */ = {isa = PBXBuildFile; fileRef = 8B4565BA281B404800E5BB8B /* ControllerExtension.swift */; };
		8B4565BD281BCDC100E5BB8B /* MockService.swift in Sources */ = {isa = PBXBuildFile; fileRef = 8B4565BC281BCDC100E5BB8B /* MockService.swift */; };
		8B4565C0281BD07500E5BB8B /* ItemsSuccessResponse.json in Resources */ = {isa = PBXBuildFile; fileRef = 8B4565BF281BD07500E5BB8B /* ItemsSuccessResponse.json */; };
		8B4565C4281BD18A00E5BB8B /* ItemFailureResponse.json in Resources */ = {isa = PBXBuildFile; fileRef = 8B4565C3281BD18A00E5BB8B /* ItemFailureResponse.json */; };
		8B4565C6281BD84100E5BB8B /* PetsDetailsViewModelTests.swift in Sources */ = {isa = PBXBuildFile; fileRef = 8B4565C5281BD84100E5BB8B /* PetsDetailsViewModelTests.swift */; };
		F42247B45906D8CBBAE80485 /* Pods_SearchDogsTests.framework in Frameworks */ = {isa = PBXBuildFile; fileRef = AB774251163B1AA2689AD5D4 /* Pods_SearchDogsTests.framework */; };
/* End PBXBuildFile section */

/* Begin PBXContainerItemProxy section */
		8B45657C281AACE800E5BB8B /* PBXContainerItemProxy */ = {
			isa = PBXContainerItemProxy;
			containerPortal = 8B45655D281AACE700E5BB8B /* Project object */;
			proxyType = 1;
			remoteGlobalIDString = 8B456564281AACE700E5BB8B;
			remoteInfo = SearchDogs;
		};
		8B456586281AACE800E5BB8B /* PBXContainerItemProxy */ = {
			isa = PBXContainerItemProxy;
			containerPortal = 8B45655D281AACE700E5BB8B /* Project object */;
			proxyType = 1;
			remoteGlobalIDString = 8B456564281AACE700E5BB8B;
			remoteInfo = SearchDogs;
		};
/* End PBXContainerItemProxy section */

/* Begin PBXFileReference section */
		34AF37655A1A2BCBEDD3FF2A /* Pods_SearchDogs_SearchDogsUITests.framework */ = {isa = PBXFileReference; explicitFileType = wrapper.framework; includeInIndex = 0; path = Pods_SearchDogs_SearchDogsUITests.framework; sourceTree = BUILT_PRODUCTS_DIR; };
		63524AD507B62EE8BA030DA5 /* Pods-SearchDogsTests.release.xcconfig */ = {isa = PBXFileReference; includeInIndex = 1; lastKnownFileType = text.xcconfig; name = "Pods-SearchDogsTests.release.xcconfig"; path = "Target Support Files/Pods-SearchDogsTests/Pods-SearchDogsTests.release.xcconfig"; sourceTree = "<group>"; };
		7440BD95445DD013E658E5B9 /* Pods-SearchDogsTests.debug.xcconfig */ = {isa = PBXFileReference; includeInIndex = 1; lastKnownFileType = text.xcconfig; name = "Pods-SearchDogsTests.debug.xcconfig"; path = "Target Support Files/Pods-SearchDogsTests/Pods-SearchDogsTests.debug.xcconfig"; sourceTree = "<group>"; };
		8B456565281AACE700E5BB8B /* SearchDogs.app */ = {isa = PBXFileReference; explicitFileType = wrapper.application; includeInIndex = 0; path = SearchDogs.app; sourceTree = BUILT_PRODUCTS_DIR; };
		8B456568281AACE700E5BB8B /* AppDelegate.swift */ = {isa = PBXFileReference; lastKnownFileType = sourcecode.swift; path = AppDelegate.swift; sourceTree = "<group>"; };
		8B45656A281AACE700E5BB8B /* SceneDelegate.swift */ = {isa = PBXFileReference; lastKnownFileType = sourcecode.swift; path = SceneDelegate.swift; sourceTree = "<group>"; };
		8B45656C281AACE700E5BB8B /* PetsViewController.swift */ = {isa = PBXFileReference; lastKnownFileType = sourcecode.swift; path = PetsViewController.swift; sourceTree = "<group>"; };
		8B45656F281AACE700E5BB8B /* Base */ = {isa = PBXFileReference; lastKnownFileType = file.storyboard; name = Base; path = Base.lproj/Main.storyboard; sourceTree = "<group>"; };
		8B456571281AACE800E5BB8B /* Assets.xcassets */ = {isa = PBXFileReference; lastKnownFileType = folder.assetcatalog; path = Assets.xcassets; sourceTree = "<group>"; };
		8B456574281AACE800E5BB8B /* Base */ = {isa = PBXFileReference; lastKnownFileType = file.storyboard; name = Base; path = Base.lproj/LaunchScreen.storyboard; sourceTree = "<group>"; };
		8B456576281AACE800E5BB8B /* Info.plist */ = {isa = PBXFileReference; lastKnownFileType = text.plist.xml; path = Info.plist; sourceTree = "<group>"; };
		8B45657B281AACE800E5BB8B /* SearchDogsTests.xctest */ = {isa = PBXFileReference; explicitFileType = wrapper.cfbundle; includeInIndex = 0; path = SearchDogsTests.xctest; sourceTree = BUILT_PRODUCTS_DIR; };
		8B45657F281AACE800E5BB8B /* PetsViewModelTests.swift */ = {isa = PBXFileReference; lastKnownFileType = sourcecode.swift; path = PetsViewModelTests.swift; sourceTree = "<group>"; };
		8B456585281AACE800E5BB8B /* SearchDogsUITests.xctest */ = {isa = PBXFileReference; explicitFileType = wrapper.cfbundle; includeInIndex = 0; path = SearchDogsUITests.xctest; sourceTree = BUILT_PRODUCTS_DIR; };
		8B456589281AACE800E5BB8B /* SearchDogsUITests.swift */ = {isa = PBXFileReference; lastKnownFileType = sourcecode.swift; path = SearchDogsUITests.swift; sourceTree = "<group>"; };
		8B45658B281AACE800E5BB8B /* SearchDogsUITestsLaunchTests.swift */ = {isa = PBXFileReference; lastKnownFileType = sourcecode.swift; path = SearchDogsUITestsLaunchTests.swift; sourceTree = "<group>"; };
		8B45659A281AB38D00E5BB8B /* PetDetailsViewController.swift */ = {isa = PBXFileReference; lastKnownFileType = sourcecode.swift; path = PetDetailsViewController.swift; sourceTree = "<group>"; };
		8B45659D281ABEEE00E5BB8B /* Storyboarded.swift */ = {isa = PBXFileReference; lastKnownFileType = sourcecode.swift; path = Storyboarded.swift; sourceTree = "<group>"; };
		8B4565A0281AC0D100E5BB8B /* MainCoordinator.swift */ = {isa = PBXFileReference; lastKnownFileType = sourcecode.swift; path = MainCoordinator.swift; sourceTree = "<group>"; };
		8B4565A3281AD11A00E5BB8B /* PetInfo.swift */ = {isa = PBXFileReference; lastKnownFileType = sourcecode.swift; path = PetInfo.swift; sourceTree = "<group>"; };
		8B4565A6281AD1B200E5BB8B /* Service.swift */ = {isa = PBXFileReference; lastKnownFileType = sourcecode.swift; path = Service.swift; sourceTree = "<group>"; };
		8B4565A8281AD24100E5BB8B /* JsonDecodable.swift */ = {isa = PBXFileReference; lastKnownFileType = sourcecode.swift; path = JsonDecodable.swift; sourceTree = "<group>"; };
		8B4565AA281AD34F00E5BB8B /* NetworkClient.swift */ = {isa = PBXFileReference; lastKnownFileType = sourcecode.swift; path = NetworkClient.swift; sourceTree = "<group>"; };
		8B4565AD281AD4AC00E5BB8B /* NetworkError.swift */ = {isa = PBXFileReference; lastKnownFileType = sourcecode.swift; path = NetworkError.swift; sourceTree = "<group>"; };
		8B4565AF281AD61800E5BB8B /* Constants.swift */ = {isa = PBXFileReference; lastKnownFileType = sourcecode.swift; path = Constants.swift; sourceTree = "<group>"; };
		8B4565B2281ADEC800E5BB8B /* PetsViewModel.swift */ = {isa = PBXFileReference; lastKnownFileType = sourcecode.swift; path = PetsViewModel.swift; sourceTree = "<group>"; };
		8B4565B4281AF1CC00E5BB8B /* EndPoints.swift */ = {isa = PBXFileReference; lastKnownFileType = sourcecode.swift; path = EndPoints.swift; sourceTree = "<group>"; };
		8B4565B6281B015000E5BB8B /* PetsViewCell.swift */ = {isa = PBXFileReference; lastKnownFileType = sourcecode.swift; path = PetsViewCell.swift; sourceTree = "<group>"; };
		8B4565B8281B15D900E5BB8B /* PetsDetailsViewModel.swift */ = {isa = PBXFileReference; lastKnownFileType = sourcecode.swift; path = PetsDetailsViewModel.swift; sourceTree = "<group>"; };
		8B4565BA281B404800E5BB8B /* ControllerExtension.swift */ = {isa = PBXFileReference; lastKnownFileType = sourcecode.swift; path = ControllerExtension.swift; sourceTree = "<group>"; };
		8B4565BC281BCDC100E5BB8B /* MockService.swift */ = {isa = PBXFileReference; lastKnownFileType = sourcecode.swift; path = MockService.swift; sourceTree = "<group>"; };
		8B4565BF281BD07500E5BB8B /* ItemsSuccessResponse.json */ = {isa = PBXFileReference; lastKnownFileType = text.json; path = ItemsSuccessResponse.json; sourceTree = "<group>"; };
		8B4565C3281BD18A00E5BB8B /* ItemFailureResponse.json */ = {isa = PBXFileReference; lastKnownFileType = text.json; path = ItemFailureResponse.json; sourceTree = "<group>"; };
		8B4565C5281BD84100E5BB8B /* PetsDetailsViewModelTests.swift */ = {isa = PBXFileReference; lastKnownFileType = sourcecode.swift; path = PetsDetailsViewModelTests.swift; sourceTree = "<group>"; };
		9CDF9CE8C1ED1535C019AD98 /* Pods-SearchDogs.debug.xcconfig */ = {isa = PBXFileReference; includeInIndex = 1; lastKnownFileType = text.xcconfig; name = "Pods-SearchDogs.debug.xcconfig"; path = "Target Support Files/Pods-SearchDogs/Pods-SearchDogs.debug.xcconfig"; sourceTree = "<group>"; };
		9F973988A92D0C270960CBBA /* Pods_SearchDogs.framework */ = {isa = PBXFileReference; explicitFileType = wrapper.framework; includeInIndex = 0; path = Pods_SearchDogs.framework; sourceTree = BUILT_PRODUCTS_DIR; };
		AB774251163B1AA2689AD5D4 /* Pods_SearchDogsTests.framework */ = {isa = PBXFileReference; explicitFileType = wrapper.framework; includeInIndex = 0; path = Pods_SearchDogsTests.framework; sourceTree = BUILT_PRODUCTS_DIR; };
		C488CABD0D18C825ACC77FAC /* Pods-SearchDogs.release.xcconfig */ = {isa = PBXFileReference; includeInIndex = 1; lastKnownFileType = text.xcconfig; name = "Pods-SearchDogs.release.xcconfig"; path = "Target Support Files/Pods-SearchDogs/Pods-SearchDogs.release.xcconfig"; sourceTree = "<group>"; };
		EB1407D22BF9B0A1E23C48E7 /* Pods-SearchDogs-SearchDogsUITests.release.xcconfig */ = {isa = PBXFileReference; includeInIndex = 1; lastKnownFileType = text.xcconfig; name = "Pods-SearchDogs-SearchDogsUITests.release.xcconfig"; path = "Target Support Files/Pods-SearchDogs-SearchDogsUITests/Pods-SearchDogs-SearchDogsUITests.release.xcconfig"; sourceTree = "<group>"; };
		EC24CEAA523BA4E1C81387BA /* Pods-SearchDogs-SearchDogsUITests.debug.xcconfig */ = {isa = PBXFileReference; includeInIndex = 1; lastKnownFileType = text.xcconfig; name = "Pods-SearchDogs-SearchDogsUITests.debug.xcconfig"; path = "Target Support Files/Pods-SearchDogs-SearchDogsUITests/Pods-SearchDogs-SearchDogsUITests.debug.xcconfig"; sourceTree = "<group>"; };
/* End PBXFileReference section */

/* Begin PBXFrameworksBuildPhase section */
		8B456562281AACE700E5BB8B /* Frameworks */ = {
			isa = PBXFrameworksBuildPhase;
			buildActionMask = 2147483647;
			files = (
				1F6348683DA7DFCD2247E7C4 /* Pods_SearchDogs.framework in Frameworks */,
			);
			runOnlyForDeploymentPostprocessing = 0;
		};
		8B456578281AACE800E5BB8B /* Frameworks */ = {
			isa = PBXFrameworksBuildPhase;
			buildActionMask = 2147483647;
			files = (
				F42247B45906D8CBBAE80485 /* Pods_SearchDogsTests.framework in Frameworks */,
			);
			runOnlyForDeploymentPostprocessing = 0;
		};
		8B456582281AACE800E5BB8B /* Frameworks */ = {
			isa = PBXFrameworksBuildPhase;
			buildActionMask = 2147483647;
			files = (
				8296A9C1B3BD73B383566CA7 /* Pods_SearchDogs_SearchDogsUITests.framework in Frameworks */,
			);
			runOnlyForDeploymentPostprocessing = 0;
		};
/* End PBXFrameworksBuildPhase section */

/* Begin PBXGroup section */
		8B45655C281AACE700E5BB8B = {
			isa = PBXGroup;
			children = (
				8B456567281AACE700E5BB8B /* SearchDogs */,
				8B45657E281AACE800E5BB8B /* SearchDogsTests */,
				8B456588281AACE800E5BB8B /* SearchDogsUITests */,
				8B456566281AACE700E5BB8B /* Products */,
				9A4BCF7E7F6E182004AF17F6 /* Pods */,
				DB6D4BE5B0E74822DA23119B /* Frameworks */,
			);
			sourceTree = "<group>";
		};
		8B456566281AACE700E5BB8B /* Products */ = {
			isa = PBXGroup;
			children = (
				8B456565281AACE700E5BB8B /* SearchDogs.app */,
				8B45657B281AACE800E5BB8B /* SearchDogsTests.xctest */,
				8B456585281AACE800E5BB8B /* SearchDogsUITests.xctest */,
			);
			name = Products;
			sourceTree = "<group>";
		};
		8B456567281AACE700E5BB8B /* SearchDogs */ = {
			isa = PBXGroup;
			children = (
				8B4565A2281AD10100E5BB8B /* Model */,
				8B456598281AAD3700E5BB8B /* View */,
				8B4565B1281ADEA500E5BB8B /* ViewModel */,
				8B45659F281AC09A00E5BB8B /* Coordinator */,
				8B45659C281ABEA200E5BB8B /* Extensions */,
				8B4565A5281AD18D00E5BB8B /* Service */,
				8B4565AC281AD48500E5BB8B /* Utility */,
				8B456568281AACE700E5BB8B /* AppDelegate.swift */,
				8B45656A281AACE700E5BB8B /* SceneDelegate.swift */,
				8B456571281AACE800E5BB8B /* Assets.xcassets */,
				8B456576281AACE800E5BB8B /* Info.plist */,
			);
			path = SearchDogs;
			sourceTree = "<group>";
		};
		8B45657E281AACE800E5BB8B /* SearchDogsTests */ = {
			isa = PBXGroup;
			children = (
				8B4565BC281BCDC100E5BB8B /* MockService.swift */,
				8B45657F281AACE800E5BB8B /* PetsViewModelTests.swift */,
				8B4565C5281BD84100E5BB8B /* PetsDetailsViewModelTests.swift */,
				8B4565BE281BD04100E5BB8B /* SampleResponse */,
			);
			path = SearchDogsTests;
			sourceTree = "<group>";
		};
		8B456588281AACE800E5BB8B /* SearchDogsUITests */ = {
			isa = PBXGroup;
			children = (
				8B456589281AACE800E5BB8B /* SearchDogsUITests.swift */,
				8B45658B281AACE800E5BB8B /* SearchDogsUITestsLaunchTests.swift */,
			);
			path = SearchDogsUITests;
			sourceTree = "<group>";
		};
		8B456598281AAD3700E5BB8B /* View */ = {
			isa = PBXGroup;
			children = (
				8B456599281AAD4000E5BB8B /* StoryBoard */,
				8B45656C281AACE700E5BB8B /* PetsViewController.swift */,
				8B45659A281AB38D00E5BB8B /* PetDetailsViewController.swift */,
				8B4565B6281B015000E5BB8B /* PetsViewCell.swift */,
			);
			path = View;
			sourceTree = "<group>";
		};
		8B456599281AAD4000E5BB8B /* StoryBoard */ = {
			isa = PBXGroup;
			children = (
				8B45656E281AACE700E5BB8B /* Main.storyboard */,
				8B456573281AACE800E5BB8B /* LaunchScreen.storyboard */,
			);
			path = StoryBoard;
			sourceTree = "<group>";
		};
		8B45659C281ABEA200E5BB8B /* Extensions */ = {
			isa = PBXGroup;
			children = (
				8B45659D281ABEEE00E5BB8B /* Storyboarded.swift */,
				8B4565A8281AD24100E5BB8B /* JsonDecodable.swift */,
				8B4565BA281B404800E5BB8B /* ControllerExtension.swift */,
			);
			path = Extensions;
			sourceTree = "<group>";
		};
		8B45659F281AC09A00E5BB8B /* Coordinator */ = {
			isa = PBXGroup;
			children = (
				8B4565A0281AC0D100E5BB8B /* MainCoordinator.swift */,
			);
			path = Coordinator;
			sourceTree = "<group>";
		};
		8B4565A2281AD10100E5BB8B /* Model */ = {
			isa = PBXGroup;
			children = (
				8B4565A3281AD11A00E5BB8B /* PetInfo.swift */,
			);
			path = Model;
			sourceTree = "<group>";
		};
		8B4565A5281AD18D00E5BB8B /* Service */ = {
			isa = PBXGroup;
			children = (
				8B4565A6281AD1B200E5BB8B /* Service.swift */,
				8B4565AA281AD34F00E5BB8B /* NetworkClient.swift */,
				8B4565B4281AF1CC00E5BB8B /* EndPoints.swift */,
			);
			path = Service;
			sourceTree = "<group>";
		};
		8B4565AC281AD48500E5BB8B /* Utility */ = {
			isa = PBXGroup;
			children = (
				8B4565AD281AD4AC00E5BB8B /* NetworkError.swift */,
				8B4565AF281AD61800E5BB8B /* Constants.swift */,
			);
			path = Utility;
			sourceTree = "<group>";
		};
		8B4565B1281ADEA500E5BB8B /* ViewModel */ = {
			isa = PBXGroup;
			children = (
				8B4565B2281ADEC800E5BB8B /* PetsViewModel.swift */,
				8B4565B8281B15D900E5BB8B /* PetsDetailsViewModel.swift */,
			);
			path = ViewModel;
			sourceTree = "<group>";
		};
		8B4565BE281BD04100E5BB8B /* SampleResponse */ = {
			isa = PBXGroup;
			children = (
				8B4565BF281BD07500E5BB8B /* ItemsSuccessResponse.json */,
				8B4565C3281BD18A00E5BB8B /* ItemFailureResponse.json */,
			);
			path = SampleResponse;
			sourceTree = "<group>";
		};
		9A4BCF7E7F6E182004AF17F6 /* Pods */ = {
			isa = PBXGroup;
			children = (
				9CDF9CE8C1ED1535C019AD98 /* Pods-SearchDogs.debug.xcconfig */,
				C488CABD0D18C825ACC77FAC /* Pods-SearchDogs.release.xcconfig */,
				EC24CEAA523BA4E1C81387BA /* Pods-SearchDogs-SearchDogsUITests.debug.xcconfig */,
				EB1407D22BF9B0A1E23C48E7 /* Pods-SearchDogs-SearchDogsUITests.release.xcconfig */,
				7440BD95445DD013E658E5B9 /* Pods-SearchDogsTests.debug.xcconfig */,
				63524AD507B62EE8BA030DA5 /* Pods-SearchDogsTests.release.xcconfig */,
			);
			path = Pods;
			sourceTree = "<group>";
		};
		DB6D4BE5B0E74822DA23119B /* Frameworks */ = {
			isa = PBXGroup;
			children = (
				9F973988A92D0C270960CBBA /* Pods_SearchDogs.framework */,
				34AF37655A1A2BCBEDD3FF2A /* Pods_SearchDogs_SearchDogsUITests.framework */,
				AB774251163B1AA2689AD5D4 /* Pods_SearchDogsTests.framework */,
			);
			name = Frameworks;
			sourceTree = "<group>";
		};
/* End PBXGroup section */

/* Begin PBXNativeTarget section */
		8B456564281AACE700E5BB8B /* SearchDogs */ = {
			isa = PBXNativeTarget;
			buildConfigurationList = 8B45658F281AACE800E5BB8B /* Build configuration list for PBXNativeTarget "SearchDogs" */;
			buildPhases = (
				5BE4079050A463AC973EEA24 /* [CP] Check Pods Manifest.lock */,
				8B456561281AACE700E5BB8B /* Sources */,
				8B456562281AACE700E5BB8B /* Frameworks */,
				8B456563281AACE700E5BB8B /* Resources */,
				178137F2DF44FD52387EE768 /* [CP] Embed Pods Frameworks */,
			);
			buildRules = (
			);
			dependencies = (
			);
			name = SearchDogs;
			productName = SearchDogs;
			productReference = 8B456565281AACE700E5BB8B /* SearchDogs.app */;
			productType = "com.apple.product-type.application";
		};
		8B45657A281AACE800E5BB8B /* SearchDogsTests */ = {
			isa = PBXNativeTarget;
			buildConfigurationList = 8B456592281AACE800E5BB8B /* Build configuration list for PBXNativeTarget "SearchDogsTests" */;
			buildPhases = (
				F2D827377251D6D432DC7194 /* [CP] Check Pods Manifest.lock */,
				8B456577281AACE800E5BB8B /* Sources */,
				8B456578281AACE800E5BB8B /* Frameworks */,
				8B456579281AACE800E5BB8B /* Resources */,
			);
			buildRules = (
			);
			dependencies = (
				8B45657D281AACE800E5BB8B /* PBXTargetDependency */,
			);
			name = SearchDogsTests;
			productName = SearchDogsTests;
			productReference = 8B45657B281AACE800E5BB8B /* SearchDogsTests.xctest */;
			productType = "com.apple.product-type.bundle.unit-test";
		};
		8B456584281AACE800E5BB8B /* SearchDogsUITests */ = {
			isa = PBXNativeTarget;
			buildConfigurationList = 8B456595281AACE800E5BB8B /* Build configuration list for PBXNativeTarget "SearchDogsUITests" */;
			buildPhases = (
				62CE3F9D25E85C79B527921E /* [CP] Check Pods Manifest.lock */,
				8B456581281AACE800E5BB8B /* Sources */,
				8B456582281AACE800E5BB8B /* Frameworks */,
				8B456583281AACE800E5BB8B /* Resources */,
				BF5AF1313D895632B1AE828E /* [CP] Embed Pods Frameworks */,
			);
			buildRules = (
			);
			dependencies = (
				8B456587281AACE800E5BB8B /* PBXTargetDependency */,
			);
			name = SearchDogsUITests;
			productName = SearchDogsUITests;
			productReference = 8B456585281AACE800E5BB8B /* SearchDogsUITests.xctest */;
			productType = "com.apple.product-type.bundle.ui-testing";
		};
/* End PBXNativeTarget section */

/* Begin PBXProject section */
		8B45655D281AACE700E5BB8B /* Project object */ = {
			isa = PBXProject;
			attributes = {
				BuildIndependentTargetsInParallel = 1;
				LastSwiftUpdateCheck = 1320;
				LastUpgradeCheck = 1320;
				TargetAttributes = {
					8B456564281AACE700E5BB8B = {
						CreatedOnToolsVersion = 13.2;
					};
					8B45657A281AACE800E5BB8B = {
						CreatedOnToolsVersion = 13.2;
						TestTargetID = 8B456564281AACE700E5BB8B;
					};
					8B456584281AACE800E5BB8B = {
						CreatedOnToolsVersion = 13.2;
						TestTargetID = 8B456564281AACE700E5BB8B;
					};
				};
			};
			buildConfigurationList = 8B456560281AACE700E5BB8B /* Build configuration list for PBXProject "SearchDogs" */;
			compatibilityVersion = "Xcode 13.0";
			developmentRegion = en;
			hasScannedForEncodings = 0;
			knownRegions = (
				en,
				Base,
			);
			mainGroup = 8B45655C281AACE700E5BB8B;
			productRefGroup = 8B456566281AACE700E5BB8B /* Products */;
			projectDirPath = "";
			projectRoot = "";
			targets = (
				8B456564281AACE700E5BB8B /* SearchDogs */,
				8B45657A281AACE800E5BB8B /* SearchDogsTests */,
				8B456584281AACE800E5BB8B /* SearchDogsUITests */,
			);
		};
/* End PBXProject section */

/* Begin PBXResourcesBuildPhase section */
		8B456563281AACE700E5BB8B /* Resources */ = {
			isa = PBXResourcesBuildPhase;
			buildActionMask = 2147483647;
			files = (
				8B456575281AACE800E5BB8B /* LaunchScreen.storyboard in Resources */,
				8B456572281AACE800E5BB8B /* Assets.xcassets in Resources */,
				8B456570281AACE700E5BB8B /* Main.storyboard in Resources */,
			);
			runOnlyForDeploymentPostprocessing = 0;
		};
		8B456579281AACE800E5BB8B /* Resources */ = {
			isa = PBXResourcesBuildPhase;
			buildActionMask = 2147483647;
			files = (
				8B4565C4281BD18A00E5BB8B /* ItemFailureResponse.json in Resources */,
				8B4565C0281BD07500E5BB8B /* ItemsSuccessResponse.json in Resources */,
			);
			runOnlyForDeploymentPostprocessing = 0;
		};
		8B456583281AACE800E5BB8B /* Resources */ = {
			isa = PBXResourcesBuildPhase;
			buildActionMask = 2147483647;
			files = (
			);
			runOnlyForDeploymentPostprocessing = 0;
		};
/* End PBXResourcesBuildPhase section */

/* Begin PBXShellScriptBuildPhase section */
		178137F2DF44FD52387EE768 /* [CP] Embed Pods Frameworks */ = {
			isa = PBXShellScriptBuildPhase;
			buildActionMask = 2147483647;
			files = (
			);
			inputFileListPaths = (
				"${PODS_ROOT}/Target Support Files/Pods-SearchDogs/Pods-SearchDogs-frameworks-${CONFIGURATION}-input-files.xcfilelist",
			);
			name = "[CP] Embed Pods Frameworks";
			outputFileListPaths = (
				"${PODS_ROOT}/Target Support Files/Pods-SearchDogs/Pods-SearchDogs-frameworks-${CONFIGURATION}-output-files.xcfilelist",
			);
			runOnlyForDeploymentPostprocessing = 0;
			shellPath = /bin/sh;
			shellScript = "\"${PODS_ROOT}/Target Support Files/Pods-SearchDogs/Pods-SearchDogs-frameworks.sh\"\n";
			showEnvVarsInLog = 0;
		};
		5BE4079050A463AC973EEA24 /* [CP] Check Pods Manifest.lock */ = {
			isa = PBXShellScriptBuildPhase;
			buildActionMask = 2147483647;
			files = (
			);
			inputFileListPaths = (
			);
			inputPaths = (
				"${PODS_PODFILE_DIR_PATH}/Podfile.lock",
				"${PODS_ROOT}/Manifest.lock",
			);
			name = "[CP] Check Pods Manifest.lock";
			outputFileListPaths = (
			);
			outputPaths = (
				"$(DERIVED_FILE_DIR)/Pods-SearchDogs-checkManifestLockResult.txt",
			);
			runOnlyForDeploymentPostprocessing = 0;
			shellPath = /bin/sh;
			shellScript = "diff \"${PODS_PODFILE_DIR_PATH}/Podfile.lock\" \"${PODS_ROOT}/Manifest.lock\" > /dev/null\nif [ $? != 0 ] ; then\n    # print error to STDERR\n    echo \"error: The sandbox is not in sync with the Podfile.lock. Run 'pod install' or update your CocoaPods installation.\" >&2\n    exit 1\nfi\n# This output is used by Xcode 'outputs' to avoid re-running this script phase.\necho \"SUCCESS\" > \"${SCRIPT_OUTPUT_FILE_0}\"\n";
			showEnvVarsInLog = 0;
		};
		62CE3F9D25E85C79B527921E /* [CP] Check Pods Manifest.lock */ = {
			isa = PBXShellScriptBuildPhase;
			buildActionMask = 2147483647;
			files = (
			);
			inputFileListPaths = (
			);
			inputPaths = (
				"${PODS_PODFILE_DIR_PATH}/Podfile.lock",
				"${PODS_ROOT}/Manifest.lock",
			);
			name = "[CP] Check Pods Manifest.lock";
			outputFileListPaths = (
			);
			outputPaths = (
				"$(DERIVED_FILE_DIR)/Pods-SearchDogs-SearchDogsUITests-checkManifestLockResult.txt",
			);
			runOnlyForDeploymentPostprocessing = 0;
			shellPath = /bin/sh;
			shellScript = "diff \"${PODS_PODFILE_DIR_PATH}/Podfile.lock\" \"${PODS_ROOT}/Manifest.lock\" > /dev/null\nif [ $? != 0 ] ; then\n    # print error to STDERR\n    echo \"error: The sandbox is not in sync with the Podfile.lock. Run 'pod install' or update your CocoaPods installation.\" >&2\n    exit 1\nfi\n# This output is used by Xcode 'outputs' to avoid re-running this script phase.\necho \"SUCCESS\" > \"${SCRIPT_OUTPUT_FILE_0}\"\n";
			showEnvVarsInLog = 0;
		};
		BF5AF1313D895632B1AE828E /* [CP] Embed Pods Frameworks */ = {
			isa = PBXShellScriptBuildPhase;
			buildActionMask = 2147483647;
			files = (
			);
			inputFileListPaths = (
				"${PODS_ROOT}/Target Support Files/Pods-SearchDogs-SearchDogsUITests/Pods-SearchDogs-SearchDogsUITests-frameworks-${CONFIGURATION}-input-files.xcfilelist",
			);
			name = "[CP] Embed Pods Frameworks";
			outputFileListPaths = (
				"${PODS_ROOT}/Target Support Files/Pods-SearchDogs-SearchDogsUITests/Pods-SearchDogs-SearchDogsUITests-frameworks-${CONFIGURATION}-output-files.xcfilelist",
			);
			runOnlyForDeploymentPostprocessing = 0;
			shellPath = /bin/sh;
			shellScript = "\"${PODS_ROOT}/Target Support Files/Pods-SearchDogs-SearchDogsUITests/Pods-SearchDogs-SearchDogsUITests-frameworks.sh\"\n";
			showEnvVarsInLog = 0;
		};
		F2D827377251D6D432DC7194 /* [CP] Check Pods Manifest.lock */ = {
			isa = PBXShellScriptBuildPhase;
			buildActionMask = 2147483647;
			files = (
			);
			inputFileListPaths = (
			);
			inputPaths = (
				"${PODS_PODFILE_DIR_PATH}/Podfile.lock",
				"${PODS_ROOT}/Manifest.lock",
			);
			name = "[CP] Check Pods Manifest.lock";
			outputFileListPaths = (
			);
			outputPaths = (
				"$(DERIVED_FILE_DIR)/Pods-SearchDogsTests-checkManifestLockResult.txt",
			);
			runOnlyForDeploymentPostprocessing = 0;
			shellPath = /bin/sh;
			shellScript = "diff \"${PODS_PODFILE_DIR_PATH}/Podfile.lock\" \"${PODS_ROOT}/Manifest.lock\" > /dev/null\nif [ $? != 0 ] ; then\n    # print error to STDERR\n    echo \"error: The sandbox is not in sync with the Podfile.lock. Run 'pod install' or update your CocoaPods installation.\" >&2\n    exit 1\nfi\n# This output is used by Xcode 'outputs' to avoid re-running this script phase.\necho \"SUCCESS\" > \"${SCRIPT_OUTPUT_FILE_0}\"\n";
			showEnvVarsInLog = 0;
		};
/* End PBXShellScriptBuildPhase section */

/* Begin PBXSourcesBuildPhase section */
		8B456561281AACE700E5BB8B /* Sources */ = {
			isa = PBXSourcesBuildPhase;
			buildActionMask = 2147483647;
			files = (
				8B4565A9281AD24100E5BB8B /* JsonDecodable.swift in Sources */,
				8B4565AB281AD34F00E5BB8B /* NetworkClient.swift in Sources */,
				8B4565B3281ADEC800E5BB8B /* PetsViewModel.swift in Sources */,
				8B4565B9281B15D900E5BB8B /* PetsDetailsViewModel.swift in Sources */,
				8B4565A4281AD11A00E5BB8B /* PetInfo.swift in Sources */,
				8B4565A7281AD1B200E5BB8B /* Service.swift in Sources */,
				8B45656D281AACE700E5BB8B /* PetsViewController.swift in Sources */,
				8B4565A1281AC0D100E5BB8B /* MainCoordinator.swift in Sources */,
				8B45659E281ABEEE00E5BB8B /* Storyboarded.swift in Sources */,
				8B456569281AACE700E5BB8B /* AppDelegate.swift in Sources */,
				8B45656B281AACE700E5BB8B /* SceneDelegate.swift in Sources */,
				8B4565B5281AF1CC00E5BB8B /* EndPoints.swift in Sources */,
				8B4565AE281AD4AC00E5BB8B /* NetworkError.swift in Sources */,
				8B4565B7281B015000E5BB8B /* PetsViewCell.swift in Sources */,
				8B45659B281AB38D00E5BB8B /* PetDetailsViewController.swift in Sources */,
				8B4565BB281B404800E5BB8B /* ControllerExtension.swift in Sources */,
				8B4565B0281AD61800E5BB8B /* Constants.swift in Sources */,
			);
			runOnlyForDeploymentPostprocessing = 0;
		};
		8B456577281AACE800E5BB8B /* Sources */ = {
			isa = PBXSourcesBuildPhase;
			buildActionMask = 2147483647;
			files = (
				8B456580281AACE800E5BB8B /* PetsViewModelTests.swift in Sources */,
				8B4565BD281BCDC100E5BB8B /* MockService.swift in Sources */,
				8B4565C6281BD84100E5BB8B /* PetsDetailsViewModelTests.swift in Sources */,
			);
			runOnlyForDeploymentPostprocessing = 0;
		};
		8B456581281AACE800E5BB8B /* Sources */ = {
			isa = PBXSourcesBuildPhase;
			buildActionMask = 2147483647;
			files = (
				8B45658A281AACE800E5BB8B /* SearchDogsUITests.swift in Sources */,
				8B45658C281AACE800E5BB8B /* SearchDogsUITestsLaunchTests.swift in Sources */,
			);
			runOnlyForDeploymentPostprocessing = 0;
		};
/* End PBXSourcesBuildPhase section */

/* Begin PBXTargetDependency section */
		8B45657D281AACE800E5BB8B /* PBXTargetDependency */ = {
			isa = PBXTargetDependency;
			target = 8B456564281AACE700E5BB8B /* SearchDogs */;
			targetProxy = 8B45657C281AACE800E5BB8B /* PBXContainerItemProxy */;
		};
		8B456587281AACE800E5BB8B /* PBXTargetDependency */ = {
			isa = PBXTargetDependency;
			target = 8B456564281AACE700E5BB8B /* SearchDogs */;
			targetProxy = 8B456586281AACE800E5BB8B /* PBXContainerItemProxy */;
		};
/* End PBXTargetDependency section */

/* Begin PBXVariantGroup section */
		8B45656E281AACE700E5BB8B /* Main.storyboard */ = {
			isa = PBXVariantGroup;
			children = (
				8B45656F281AACE700E5BB8B /* Base */,
			);
			name = Main.storyboard;
			sourceTree = "<group>";
		};
		8B456573281AACE800E5BB8B /* LaunchScreen.storyboard */ = {
			isa = PBXVariantGroup;
			children = (
				8B456574281AACE800E5BB8B /* Base */,
			);
			name = LaunchScreen.storyboard;
			sourceTree = "<group>";
		};
/* End PBXVariantGroup section */

/* Begin XCBuildConfiguration section */
		8B45658D281AACE800E5BB8B /* Debug */ = {
			isa = XCBuildConfiguration;
			buildSettings = {
				ALWAYS_SEARCH_USER_PATHS = NO;
				CLANG_ANALYZER_NONNULL = YES;
				CLANG_ANALYZER_NUMBER_OBJECT_CONVERSION = YES_AGGRESSIVE;
				CLANG_CXX_LANGUAGE_STANDARD = "gnu++17";
				CLANG_CXX_LIBRARY = "libc++";
				CLANG_ENABLE_MODULES = YES;
				CLANG_ENABLE_OBJC_ARC = YES;
				CLANG_ENABLE_OBJC_WEAK = YES;
				CLANG_WARN_BLOCK_CAPTURE_AUTORELEASING = YES;
				CLANG_WARN_BOOL_CONVERSION = YES;
				CLANG_WARN_COMMA = YES;
				CLANG_WARN_CONSTANT_CONVERSION = YES;
				CLANG_WARN_DEPRECATED_OBJC_IMPLEMENTATIONS = YES;
				CLANG_WARN_DIRECT_OBJC_ISA_USAGE = YES_ERROR;
				CLANG_WARN_DOCUMENTATION_COMMENTS = YES;
				CLANG_WARN_EMPTY_BODY = YES;
				CLANG_WARN_ENUM_CONVERSION = YES;
				CLANG_WARN_INFINITE_RECURSION = YES;
				CLANG_WARN_INT_CONVERSION = YES;
				CLANG_WARN_NON_LITERAL_NULL_CONVERSION = YES;
				CLANG_WARN_OBJC_IMPLICIT_RETAIN_SELF = YES;
				CLANG_WARN_OBJC_LITERAL_CONVERSION = YES;
				CLANG_WARN_OBJC_ROOT_CLASS = YES_ERROR;
				CLANG_WARN_QUOTED_INCLUDE_IN_FRAMEWORK_HEADER = YES;
				CLANG_WARN_RANGE_LOOP_ANALYSIS = YES;
				CLANG_WARN_STRICT_PROTOTYPES = YES;
				CLANG_WARN_SUSPICIOUS_MOVE = YES;
				CLANG_WARN_UNGUARDED_AVAILABILITY = YES_AGGRESSIVE;
				CLANG_WARN_UNREACHABLE_CODE = YES;
				CLANG_WARN__DUPLICATE_METHOD_MATCH = YES;
				COPY_PHASE_STRIP = NO;
				DEBUG_INFORMATION_FORMAT = dwarf;
				ENABLE_STRICT_OBJC_MSGSEND = YES;
				ENABLE_TESTABILITY = YES;
				GCC_C_LANGUAGE_STANDARD = gnu11;
				GCC_DYNAMIC_NO_PIC = NO;
				GCC_NO_COMMON_BLOCKS = YES;
				GCC_OPTIMIZATION_LEVEL = 0;
				GCC_PREPROCESSOR_DEFINITIONS = (
					"DEBUG=1",
					"$(inherited)",
				);
				GCC_WARN_64_TO_32_BIT_CONVERSION = YES;
				GCC_WARN_ABOUT_RETURN_TYPE = YES_ERROR;
				GCC_WARN_UNDECLARED_SELECTOR = YES;
				GCC_WARN_UNINITIALIZED_AUTOS = YES_AGGRESSIVE;
				GCC_WARN_UNUSED_FUNCTION = YES;
				GCC_WARN_UNUSED_VARIABLE = YES;
				IPHONEOS_DEPLOYMENT_TARGET = 15.2;
				MTL_ENABLE_DEBUG_INFO = INCLUDE_SOURCE;
				MTL_FAST_MATH = YES;
				ONLY_ACTIVE_ARCH = YES;
				SDKROOT = iphoneos;
				SWIFT_ACTIVE_COMPILATION_CONDITIONS = DEBUG;
				SWIFT_OPTIMIZATION_LEVEL = "-Onone";
			};
			name = Debug;
		};
		8B45658E281AACE800E5BB8B /* Release */ = {
			isa = XCBuildConfiguration;
			buildSettings = {
				ALWAYS_SEARCH_USER_PATHS = NO;
				CLANG_ANALYZER_NONNULL = YES;
				CLANG_ANALYZER_NUMBER_OBJECT_CONVERSION = YES_AGGRESSIVE;
				CLANG_CXX_LANGUAGE_STANDARD = "gnu++17";
				CLANG_CXX_LIBRARY = "libc++";
				CLANG_ENABLE_MODULES = YES;
				CLANG_ENABLE_OBJC_ARC = YES;
				CLANG_ENABLE_OBJC_WEAK = YES;
				CLANG_WARN_BLOCK_CAPTURE_AUTORELEASING = YES;
				CLANG_WARN_BOOL_CONVERSION = YES;
				CLANG_WARN_COMMA = YES;
				CLANG_WARN_CONSTANT_CONVERSION = YES;
				CLANG_WARN_DEPRECATED_OBJC_IMPLEMENTATIONS = YES;
				CLANG_WARN_DIRECT_OBJC_ISA_USAGE = YES_ERROR;
				CLANG_WARN_DOCUMENTATION_COMMENTS = YES;
				CLANG_WARN_EMPTY_BODY = YES;
				CLANG_WARN_ENUM_CONVERSION = YES;
				CLANG_WARN_INFINITE_RECURSION = YES;
				CLANG_WARN_INT_CONVERSION = YES;
				CLANG_WARN_NON_LITERAL_NULL_CONVERSION = YES;
				CLANG_WARN_OBJC_IMPLICIT_RETAIN_SELF = YES;
				CLANG_WARN_OBJC_LITERAL_CONVERSION = YES;
				CLANG_WARN_OBJC_ROOT_CLASS = YES_ERROR;
				CLANG_WARN_QUOTED_INCLUDE_IN_FRAMEWORK_HEADER = YES;
				CLANG_WARN_RANGE_LOOP_ANALYSIS = YES;
				CLANG_WARN_STRICT_PROTOTYPES = YES;
				CLANG_WARN_SUSPICIOUS_MOVE = YES;
				CLANG_WARN_UNGUARDED_AVAILABILITY = YES_AGGRESSIVE;
				CLANG_WARN_UNREACHABLE_CODE = YES;
				CLANG_WARN__DUPLICATE_METHOD_MATCH = YES;
				COPY_PHASE_STRIP = NO;
				DEBUG_INFORMATION_FORMAT = "dwarf-with-dsym";
				ENABLE_NS_ASSERTIONS = NO;
				ENABLE_STRICT_OBJC_MSGSEND = YES;
				GCC_C_LANGUAGE_STANDARD = gnu11;
				GCC_NO_COMMON_BLOCKS = YES;
				GCC_WARN_64_TO_32_BIT_CONVERSION = YES;
				GCC_WARN_ABOUT_RETURN_TYPE = YES_ERROR;
				GCC_WARN_UNDECLARED_SELECTOR = YES;
				GCC_WARN_UNINITIALIZED_AUTOS = YES_AGGRESSIVE;
				GCC_WARN_UNUSED_FUNCTION = YES;
				GCC_WARN_UNUSED_VARIABLE = YES;
				IPHONEOS_DEPLOYMENT_TARGET = 15.2;
				MTL_ENABLE_DEBUG_INFO = NO;
				MTL_FAST_MATH = YES;
				SDKROOT = iphoneos;
				SWIFT_COMPILATION_MODE = wholemodule;
				SWIFT_OPTIMIZATION_LEVEL = "-O";
				VALIDATE_PRODUCT = YES;
			};
			name = Release;
		};
		8B456590281AACE800E5BB8B /* Debug */ = {
			isa = XCBuildConfiguration;
			baseConfigurationReference = 9CDF9CE8C1ED1535C019AD98 /* Pods-SearchDogs.debug.xcconfig */;
			buildSettings = {
				ASSETCATALOG_COMPILER_APPICON_NAME = AppIcon;
				ASSETCATALOG_COMPILER_GLOBAL_ACCENT_COLOR_NAME = AccentColor;
				CODE_SIGN_STYLE = Automatic;
				CURRENT_PROJECT_VERSION = 1;
				DEVELOPMENT_TEAM = 3H5KY3LSB5;
				GENERATE_INFOPLIST_FILE = YES;
				INFOPLIST_FILE = SearchDogs/Info.plist;
				INFOPLIST_KEY_UIApplicationSupportsIndirectInputEvents = YES;
				INFOPLIST_KEY_UILaunchStoryboardName = LaunchScreen;
				INFOPLIST_KEY_UIMainStoryboardFile = Main;
				INFOPLIST_KEY_UISupportedInterfaceOrientations_iPad = "UIInterfaceOrientationPortrait UIInterfaceOrientationPortraitUpsideDown UIInterfaceOrientationLandscapeLeft UIInterfaceOrientationLandscapeRight";
				INFOPLIST_KEY_UISupportedInterfaceOrientations_iPhone = "UIInterfaceOrientationPortrait UIInterfaceOrientationLandscapeLeft UIInterfaceOrientationLandscapeRight";
				LD_RUNPATH_SEARCH_PATHS = (
					"$(inherited)",
					"@executable_path/Frameworks",
				);
				MARKETING_VERSION = 1.0;
				PRODUCT_BUNDLE_IDENTIFIER = com.RosyPatel.SearchDogs;
				PRODUCT_NAME = "$(TARGET_NAME)";
				SWIFT_EMIT_LOC_STRINGS = YES;
				SWIFT_VERSION = 5.0;
				TARGETED_DEVICE_FAMILY = "1,2";
			};
			name = Debug;
		};
		8B456591281AACE800E5BB8B /* Release */ = {
			isa = XCBuildConfiguration;
			baseConfigurationReference = C488CABD0D18C825ACC77FAC /* Pods-SearchDogs.release.xcconfig */;
			buildSettings = {
				ASSETCATALOG_COMPILER_APPICON_NAME = AppIcon;
				ASSETCATALOG_COMPILER_GLOBAL_ACCENT_COLOR_NAME = AccentColor;
				CODE_SIGN_STYLE = Automatic;
				CURRENT_PROJECT_VERSION = 1;
				DEVELOPMENT_TEAM = 3H5KY3LSB5;
				GENERATE_INFOPLIST_FILE = YES;
				INFOPLIST_FILE = SearchDogs/Info.plist;
				INFOPLIST_KEY_UIApplicationSupportsIndirectInputEvents = YES;
				INFOPLIST_KEY_UILaunchStoryboardName = LaunchScreen;
				INFOPLIST_KEY_UIMainStoryboardFile = Main;
				INFOPLIST_KEY_UISupportedInterfaceOrientations_iPad = "UIInterfaceOrientationPortrait UIInterfaceOrientationPortraitUpsideDown UIInterfaceOrientationLandscapeLeft UIInterfaceOrientationLandscapeRight";
				INFOPLIST_KEY_UISupportedInterfaceOrientations_iPhone = "UIInterfaceOrientationPortrait UIInterfaceOrientationLandscapeLeft UIInterfaceOrientationLandscapeRight";
				LD_RUNPATH_SEARCH_PATHS = (
					"$(inherited)",
					"@executable_path/Frameworks",
				);
				MARKETING_VERSION = 1.0;
				PRODUCT_BUNDLE_IDENTIFIER = com.RosyPatel.SearchDogs;
				PRODUCT_NAME = "$(TARGET_NAME)";
				SWIFT_EMIT_LOC_STRINGS = YES;
				SWIFT_VERSION = 5.0;
				TARGETED_DEVICE_FAMILY = "1,2";
			};
			name = Release;
		};
		8B456593281AACE800E5BB8B /* Debug */ = {
			isa = XCBuildConfiguration;
			baseConfigurationReference = 7440BD95445DD013E658E5B9 /* Pods-SearchDogsTests.debug.xcconfig */;
			buildSettings = {
				ALWAYS_EMBED_SWIFT_STANDARD_LIBRARIES = YES;
				BUNDLE_LOADER = "$(TEST_HOST)";
				CODE_SIGN_STYLE = Automatic;
				CURRENT_PROJECT_VERSION = 1;
				DEVELOPMENT_TEAM = 3H5KY3LSB5;
				GENERATE_INFOPLIST_FILE = YES;
				IPHONEOS_DEPLOYMENT_TARGET = 15.2;
				MARKETING_VERSION = 1.0;
				PRODUCT_BUNDLE_IDENTIFIER = com.RosyPatel.SearchDogsTests;
				PRODUCT_NAME = "$(TARGET_NAME)";
				SWIFT_EMIT_LOC_STRINGS = NO;
				SWIFT_VERSION = 5.0;
				TARGETED_DEVICE_FAMILY = "1,2";
				TEST_HOST = "$(BUILT_PRODUCTS_DIR)/SearchDogs.app/SearchDogs";
			};
			name = Debug;
		};
		8B456594281AACE800E5BB8B /* Release */ = {
			isa = XCBuildConfiguration;
			baseConfigurationReference = 63524AD507B62EE8BA030DA5 /* Pods-SearchDogsTests.release.xcconfig */;
			buildSettings = {
				ALWAYS_EMBED_SWIFT_STANDARD_LIBRARIES = YES;
				BUNDLE_LOADER = "$(TEST_HOST)";
				CODE_SIGN_STYLE = Automatic;
				CURRENT_PROJECT_VERSION = 1;
				DEVELOPMENT_TEAM = 3H5KY3LSB5;
				GENERATE_INFOPLIST_FILE = YES;
				IPHONEOS_DEPLOYMENT_TARGET = 15.2;
				MARKETING_VERSION = 1.0;
				PRODUCT_BUNDLE_IDENTIFIER = com.RosyPatel.SearchDogsTests;
				PRODUCT_NAME = "$(TARGET_NAME)";
				SWIFT_EMIT_LOC_STRINGS = NO;
				SWIFT_VERSION = 5.0;
				TARGETED_DEVICE_FAMILY = "1,2";
				TEST_HOST = "$(BUILT_PRODUCTS_DIR)/SearchDogs.app/SearchDogs";
			};
			name = Release;
		};
		8B456596281AACE800E5BB8B /* Debug */ = {
			isa = XCBuildConfiguration;
			baseConfigurationReference = EC24CEAA523BA4E1C81387BA /* Pods-SearchDogs-SearchDogsUITests.debug.xcconfig */;
			buildSettings = {
				ALWAYS_EMBED_SWIFT_STANDARD_LIBRARIES = YES;
				CODE_SIGN_STYLE = Automatic;
				CURRENT_PROJECT_VERSION = 1;
				DEVELOPMENT_TEAM = 3H5KY3LSB5;
				GENERATE_INFOPLIST_FILE = YES;
				MARKETING_VERSION = 1.0;
				PRODUCT_BUNDLE_IDENTIFIER = com.RosyPatel.SearchDogsUITests;
				PRODUCT_NAME = "$(TARGET_NAME)";
				SWIFT_EMIT_LOC_STRINGS = NO;
				SWIFT_VERSION = 5.0;
				TARGETED_DEVICE_FAMILY = "1,2";
				TEST_TARGET_NAME = SearchDogs;
			};
			name = Debug;
		};
		8B456597281AACE800E5BB8B /* Release */ = {
			isa = XCBuildConfiguration;
			baseConfigurationReference = EB1407D22BF9B0A1E23C48E7 /* Pods-SearchDogs-SearchDogsUITests.release.xcconfig */;
			buildSettings = {
				ALWAYS_EMBED_SWIFT_STANDARD_LIBRARIES = YES;
				CODE_SIGN_STYLE = Automatic;
				CURRENT_PROJECT_VERSION = 1;
				DEVELOPMENT_TEAM = 3H5KY3LSB5;
				GENERATE_INFOPLIST_FILE = YES;
				MARKETING_VERSION = 1.0;
				PRODUCT_BUNDLE_IDENTIFIER = com.RosyPatel.SearchDogsUITests;
				PRODUCT_NAME = "$(TARGET_NAME)";
				SWIFT_EMIT_LOC_STRINGS = NO;
				SWIFT_VERSION = 5.0;
				TARGETED_DEVICE_FAMILY = "1,2";
				TEST_TARGET_NAME = SearchDogs;
			};
			name = Release;
		};
/* End XCBuildConfiguration section */

/* Begin XCConfigurationList section */
		8B456560281AACE700E5BB8B /* Build configuration list for PBXProject "SearchDogs" */ = {
			isa = XCConfigurationList;
			buildConfigurations = (
				8B45658D281AACE800E5BB8B /* Debug */,
				8B45658E281AACE800E5BB8B /* Release */,
			);
			defaultConfigurationIsVisible = 0;
			defaultConfigurationName = Release;
		};
		8B45658F281AACE800E5BB8B /* Build configuration list for PBXNativeTarget "SearchDogs" */ = {
			isa = XCConfigurationList;
			buildConfigurations = (
				8B456590281AACE800E5BB8B /* Debug */,
				8B456591281AACE800E5BB8B /* Release */,
			);
			defaultConfigurationIsVisible = 0;
			defaultConfigurationName = Release;
		};
		8B456592281AACE800E5BB8B /* Build configuration list for PBXNativeTarget "SearchDogsTests" */ = {
			isa = XCConfigurationList;
			buildConfigurations = (
				8B456593281AACE800E5BB8B /* Debug */,
				8B456594281AACE800E5BB8B /* Release */,
			);
			defaultConfigurationIsVisible = 0;
			defaultConfigurationName = Release;
		};
		8B456595281AACE800E5BB8B /* Build configuration list for PBXNativeTarget "SearchDogsUITests" */ = {
			isa = XCConfigurationList;
			buildConfigurations = (
				8B456596281AACE800E5BB8B /* Debug */,
				8B456597281AACE800E5BB8B /* Release */,
			);
			defaultConfigurationIsVisible = 0;
			defaultConfigurationName = Release;
		};
/* End XCConfigurationList section */
	};
	rootObject = 8B45655D281AACE700E5BB8B /* Project object */;
}
